
Microsoft Visual Studio Solution File, Format Version 12.00
# Visual Studio 14
VisualStudioVersion = 14.0.25420.1
MinimumVisualStudioVersion = 10.0.40219.1
Project("{FAE04EC0-301F-11D3-BF4B-00C04F79EFBC}") = "MonkeyTApp", "MonkeyTApp\MonkeyTApp\MonkeyTApp.csproj", "{938E74D8-E1DB-4030-BCF0-2B3192294610}"
EndProject
Project("{FAE04EC0-301F-11D3-BF4B-00C04F79EFBC}") = "MonkeyTApp.Droid", "MonkeyTApp\MonkeyTApp.Droid\MonkeyTApp.Droid.csproj", "{CCB64B4B-6E3B-4259-A7F5-E791637DC6CE}"
EndProject
Project("{FAE04EC0-301F-11D3-BF4B-00C04F79EFBC}") = "MonkeyTApp.iOS", "MonkeyTApp\MonkeyTApp.iOS\MonkeyTApp.iOS.csproj", "{723A7113-7621-4908-947A-0762BA7E8DF2}"
EndProject
Project("{FAE04EC0-301F-11D3-BF4B-00C04F79EFBC}") = "MonkeyTApp.UWP", "MonkeyTApp\MonkeyTApp.UWP\MonkeyTApp.UWP.csproj", "{434579BB-579B-47BD-B0E7-D8E6BBCD4212}"
EndProject
Project("{FAE04EC0-301F-11D3-BF4B-00C04F79EFBC}") = "MonkeyTApp.Windows", "MonkeyTApp\MonkeyTApp.Windows\MonkeyTApp.Windows.csproj", "{44F01656-27BB-4833-AF9B-2360522E865A}"
EndProject
Project("{FAE04EC0-301F-11D3-BF4B-00C04F79EFBC}") = "MonkeyTApp.WinPhone", "MonkeyTApp\MonkeyTApp.WinPhone\MonkeyTApp.WinPhone.csproj", "{77BE0FE9-4B4E-4E17-8A37-4BC153086179}"
EndProject
Global
	GlobalSection(SolutionConfigurationPlatforms) = preSolution
		Ad-Hoc|Any CPU = Ad-Hoc|Any CPU
		Ad-Hoc|ARM = Ad-Hoc|ARM
		Ad-Hoc|iPhone = Ad-Hoc|iPhone
		Ad-Hoc|iPhoneSimulator = Ad-Hoc|iPhoneSimulator
		Ad-Hoc|x64 = Ad-Hoc|x64
		Ad-Hoc|x86 = Ad-Hoc|x86
		AppStore|Any CPU = AppStore|Any CPU
		AppStore|ARM = AppStore|ARM
		AppStore|iPhone = AppStore|iPhone
		AppStore|iPhoneSimulator = AppStore|iPhoneSimulator
		AppStore|x64 = AppStore|x64
		AppStore|x86 = AppStore|x86
		Debug|Any CPU = Debug|Any CPU
		Debug|ARM = Debug|ARM
		Debug|iPhone = Debug|iPhone
		Debug|iPhoneSimulator = Debug|iPhoneSimulator
		Debug|x64 = Debug|x64
		Debug|x86 = Debug|x86
		Release|Any CPU = Release|Any CPU
		Release|ARM = Release|ARM
		Release|iPhone = Release|iPhone
		Release|iPhoneSimulator = Release|iPhoneSimulator
		Release|x64 = Release|x64
		Release|x86 = Release|x86
	EndGlobalSection
	GlobalSection(ProjectConfigurationPlatforms) = postSolution
		{938E74D8-E1DB-4030-BCF0-2B3192294610}.Ad-Hoc|Any CPU.ActiveCfg = Release|Any CPU
		{938E74D8-E1DB-4030-BCF0-2B3192294610}.Ad-Hoc|Any CPU.Build.0 = Release|Any CPU
		{938E74D8-E1DB-4030-BCF0-2B3192294610}.Ad-Hoc|ARM.ActiveCfg = Release|Any CPU
		{938E74D8-E1DB-4030-BCF0-2B3192294610}.Ad-Hoc|ARM.Build.0 = Release|Any CPU
		{938E74D8-E1DB-4030-BCF0-2B3192294610}.Ad-Hoc|iPhone.ActiveCfg = Release|Any CPU
		{938E74D8-E1DB-4030-BCF0-2B3192294610}.Ad-Hoc|iPhone.Build.0 = Release|Any CPU
		{938E74D8-E1DB-4030-BCF0-2B3192294610}.Ad-Hoc|iPhoneSimulator.ActiveCfg = Release|Any CPU
		{938E74D8-E1DB-4030-BCF0-2B3192294610}.Ad-Hoc|iPhoneSimulator.Build.0 = Release|Any CPU
		{938E74D8-E1DB-4030-BCF0-2B3192294610}.Ad-Hoc|x64.ActiveCfg = Release|Any CPU
		{938E74D8-E1DB-4030-BCF0-2B3192294610}.Ad-Hoc|x64.Build.0 = Release|Any CPU
		{938E74D8-E1DB-4030-BCF0-2B3192294610}.Ad-Hoc|x86.ActiveCfg = Release|Any CPU
		{938E74D8-E1DB-4030-BCF0-2B3192294610}.Ad-Hoc|x86.Build.0 = Release|Any CPU
		{938E74D8-E1DB-4030-BCF0-2B3192294610}.AppStore|Any CPU.ActiveCfg = Release|Any CPU
		{938E74D8-E1DB-4030-BCF0-2B3192294610}.AppStore|Any CPU.Build.0 = Release|Any CPU
		{938E74D8-E1DB-4030-BCF0-2B3192294610}.AppStore|ARM.ActiveCfg = Release|Any CPU
		{938E74D8-E1DB-4030-BCF0-2B3192294610}.AppStore|ARM.Build.0 = Release|Any CPU
		{938E74D8-E1DB-4030-BCF0-2B3192294610}.AppStore|iPhone.ActiveCfg = Release|Any CPU
		{938E74D8-E1DB-4030-BCF0-2B3192294610}.AppStore|iPhone.Build.0 = Release|Any CPU
		{938E74D8-E1DB-4030-BCF0-2B3192294610}.AppStore|iPhoneSimulator.ActiveCfg = Release|Any CPU
		{938E74D8-E1DB-4030-BCF0-2B3192294610}.AppStore|iPhoneSimulator.Build.0 = Release|Any CPU
		{938E74D8-E1DB-4030-BCF0-2B3192294610}.AppStore|x64.ActiveCfg = Release|Any CPU
		{938E74D8-E1DB-4030-BCF0-2B3192294610}.AppStore|x64.Build.0 = Release|Any CPU
		{938E74D8-E1DB-4030-BCF0-2B3192294610}.AppStore|x86.ActiveCfg = Release|Any CPU
		{938E74D8-E1DB-4030-BCF0-2B3192294610}.AppStore|x86.Build.0 = Release|Any CPU
		{938E74D8-E1DB-4030-BCF0-2B3192294610}.Debug|Any CPU.ActiveCfg = Debug|Any CPU
		{938E74D8-E1DB-4030-BCF0-2B3192294610}.Debug|Any CPU.Build.0 = Debug|Any CPU
		{938E74D8-E1DB-4030-BCF0-2B3192294610}.Debug|ARM.ActiveCfg = Debug|Any CPU
		{938E74D8-E1DB-4030-BCF0-2B3192294610}.Debug|ARM.Build.0 = Debug|Any CPU
		{938E74D8-E1DB-4030-BCF0-2B3192294610}.Debug|iPhone.ActiveCfg = Debug|Any CPU
		{938E74D8-E1DB-4030-BCF0-2B3192294610}.Debug|iPhone.Build.0 = Debug|Any CPU
		{938E74D8-E1DB-4030-BCF0-2B3192294610}.Debug|iPhoneSimulator.ActiveCfg = Debug|Any CPU
		{938E74D8-E1DB-4030-BCF0-2B3192294610}.Debug|iPhoneSimulator.Build.0 = Debug|Any CPU
		{938E74D8-E1DB-4030-BCF0-2B3192294610}.Debug|x64.ActiveCfg = Debug|Any CPU
		{938E74D8-E1DB-4030-BCF0-2B3192294610}.Debug|x64.Build.0 = Debug|Any CPU
		{938E74D8-E1DB-4030-BCF0-2B3192294610}.Debug|x86.ActiveCfg = Debug|Any CPU
		{938E74D8-E1DB-4030-BCF0-2B3192294610}.Debug|x86.Build.0 = Debug|Any CPU
		{938E74D8-E1DB-4030-BCF0-2B3192294610}.Release|Any CPU.ActiveCfg = Release|Any CPU
		{938E74D8-E1DB-4030-BCF0-2B3192294610}.Release|Any CPU.Build.0 = Release|Any CPU
		{938E74D8-E1DB-4030-BCF0-2B3192294610}.Release|ARM.ActiveCfg = Release|Any CPU
		{938E74D8-E1DB-4030-BCF0-2B3192294610}.Release|ARM.Build.0 = Release|Any CPU
		{938E74D8-E1DB-4030-BCF0-2B3192294610}.Release|iPhone.ActiveCfg = Release|Any CPU
		{938E74D8-E1DB-4030-BCF0-2B3192294610}.Release|iPhone.Build.0 = Release|Any CPU
		{938E74D8-E1DB-4030-BCF0-2B3192294610}.Release|iPhoneSimulator.ActiveCfg = Release|Any CPU
		{938E74D8-E1DB-4030-BCF0-2B3192294610}.Release|iPhoneSimulator.Build.0 = Release|Any CPU
		{938E74D8-E1DB-4030-BCF0-2B3192294610}.Release|x64.ActiveCfg = Release|Any CPU
		{938E74D8-E1DB-4030-BCF0-2B3192294610}.Release|x64.Build.0 = Release|Any CPU
		{938E74D8-E1DB-4030-BCF0-2B3192294610}.Release|x86.ActiveCfg = Release|Any CPU
		{938E74D8-E1DB-4030-BCF0-2B3192294610}.Release|x86.Build.0 = Release|Any CPU
		{CCB64B4B-6E3B-4259-A7F5-E791637DC6CE}.Ad-Hoc|Any CPU.ActiveCfg = Release|Any CPU
		{CCB64B4B-6E3B-4259-A7F5-E791637DC6CE}.Ad-Hoc|Any CPU.Build.0 = Release|Any CPU
		{CCB64B4B-6E3B-4259-A7F5-E791637DC6CE}.Ad-Hoc|Any CPU.Deploy.0 = Release|Any CPU
		{CCB64B4B-6E3B-4259-A7F5-E791637DC6CE}.Ad-Hoc|ARM.ActiveCfg = Release|Any CPU
		{CCB64B4B-6E3B-4259-A7F5-E791637DC6CE}.Ad-Hoc|ARM.Build.0 = Release|Any CPU
		{CCB64B4B-6E3B-4259-A7F5-E791637DC6CE}.Ad-Hoc|ARM.Deploy.0 = Release|Any CPU
		{CCB64B4B-6E3B-4259-A7F5-E791637DC6CE}.Ad-Hoc|iPhone.ActiveCfg = Release|Any CPU
		{CCB64B4B-6E3B-4259-A7F5-E791637DC6CE}.Ad-Hoc|iPhone.Build.0 = Release|Any CPU
		{CCB64B4B-6E3B-4259-A7F5-E791637DC6CE}.Ad-Hoc|iPhone.Deploy.0 = Release|Any CPU
		{CCB64B4B-6E3B-4259-A7F5-E791637DC6CE}.Ad-Hoc|iPhoneSimulator.ActiveCfg = Release|Any CPU
		{CCB64B4B-6E3B-4259-A7F5-E791637DC6CE}.Ad-Hoc|iPhoneSimulator.Build.0 = Release|Any CPU
		{CCB64B4B-6E3B-4259-A7F5-E791637DC6CE}.Ad-Hoc|iPhoneSimulator.Deploy.0 = Release|Any CPU
		{CCB64B4B-6E3B-4259-A7F5-E791637DC6CE}.Ad-Hoc|x64.ActiveCfg = Release|Any CPU
		{CCB64B4B-6E3B-4259-A7F5-E791637DC6CE}.Ad-Hoc|x64.Build.0 = Release|Any CPU
		{CCB64B4B-6E3B-4259-A7F5-E791637DC6CE}.Ad-Hoc|x64.Deploy.0 = Release|Any CPU
		{CCB64B4B-6E3B-4259-A7F5-E791637DC6CE}.Ad-Hoc|x86.ActiveCfg = Release|Any CPU
		{CCB64B4B-6E3B-4259-A7F5-E791637DC6CE}.Ad-Hoc|x86.Build.0 = Release|Any CPU
		{CCB64B4B-6E3B-4259-A7F5-E791637DC6CE}.Ad-Hoc|x86.Deploy.0 = Release|Any CPU
		{CCB64B4B-6E3B-4259-A7F5-E791637DC6CE}.AppStore|Any CPU.ActiveCfg = Release|Any CPU
		{CCB64B4B-6E3B-4259-A7F5-E791637DC6CE}.AppStore|Any CPU.Build.0 = Release|Any CPU
		{CCB64B4B-6E3B-4259-A7F5-E791637DC6CE}.AppStore|Any CPU.Deploy.0 = Release|Any CPU
		{CCB64B4B-6E3B-4259-A7F5-E791637DC6CE}.AppStore|ARM.ActiveCfg = Release|Any CPU
		{CCB64B4B-6E3B-4259-A7F5-E791637DC6CE}.AppStore|ARM.Build.0 = Release|Any CPU
		{CCB64B4B-6E3B-4259-A7F5-E791637DC6CE}.AppStore|ARM.Deploy.0 = Release|Any CPU
		{CCB64B4B-6E3B-4259-A7F5-E791637DC6CE}.AppStore|iPhone.ActiveCfg = Release|Any CPU
		{CCB64B4B-6E3B-4259-A7F5-E791637DC6CE}.AppStore|iPhone.Build.0 = Release|Any CPU
		{CCB64B4B-6E3B-4259-A7F5-E791637DC6CE}.AppStore|iPhone.Deploy.0 = Release|Any CPU
		{CCB64B4B-6E3B-4259-A7F5-E791637DC6CE}.AppStore|iPhoneSimulator.ActiveCfg = Release|Any CPU
		{CCB64B4B-6E3B-4259-A7F5-E791637DC6CE}.AppStore|iPhoneSimulator.Build.0 = Release|Any CPU
		{CCB64B4B-6E3B-4259-A7F5-E791637DC6CE}.AppStore|iPhoneSimulator.Deploy.0 = Release|Any CPU
		{CCB64B4B-6E3B-4259-A7F5-E791637DC6CE}.AppStore|x64.ActiveCfg = Release|Any CPU
		{CCB64B4B-6E3B-4259-A7F5-E791637DC6CE}.AppStore|x64.Build.0 = Release|Any CPU
		{CCB64B4B-6E3B-4259-A7F5-E791637DC6CE}.AppStore|x64.Deploy.0 = Release|Any CPU
		{CCB64B4B-6E3B-4259-A7F5-E791637DC6CE}.AppStore|x86.ActiveCfg = Release|Any CPU
		{CCB64B4B-6E3B-4259-A7F5-E791637DC6CE}.AppStore|x86.Build.0 = Release|Any CPU
		{CCB64B4B-6E3B-4259-A7F5-E791637DC6CE}.AppStore|x86.Deploy.0 = Release|Any CPU
		{CCB64B4B-6E3B-4259-A7F5-E791637DC6CE}.Debug|Any CPU.ActiveCfg = Debug|Any CPU
		{CCB64B4B-6E3B-4259-A7F5-E791637DC6CE}.Debug|Any CPU.Build.0 = Debug|Any CPU
		{CCB64B4B-6E3B-4259-A7F5-E791637DC6CE}.Debug|Any CPU.Deploy.0 = Debug|Any CPU
		{CCB64B4B-6E3B-4259-A7F5-E791637DC6CE}.Debug|ARM.ActiveCfg = Debug|Any CPU
		{CCB64B4B-6E3B-4259-A7F5-E791637DC6CE}.Debug|ARM.Build.0 = Debug|Any CPU
		{CCB64B4B-6E3B-4259-A7F5-E791637DC6CE}.Debug|ARM.Deploy.0 = Debug|Any CPU
		{CCB64B4B-6E3B-4259-A7F5-E791637DC6CE}.Debug|iPhone.ActiveCfg = Debug|Any CPU
		{CCB64B4B-6E3B-4259-A7F5-E791637DC6CE}.Debug|iPhone.Build.0 = Debug|Any CPU
		{CCB64B4B-6E3B-4259-A7F5-E791637DC6CE}.Debug|iPhone.Deploy.0 = Debug|Any CPU
		{CCB64B4B-6E3B-4259-A7F5-E791637DC6CE}.Debug|iPhoneSimulator.ActiveCfg = Debug|Any CPU
		{CCB64B4B-6E3B-4259-A7F5-E791637DC6CE}.Debug|iPhoneSimulator.Build.0 = Debug|Any CPU
		{CCB64B4B-6E3B-4259-A7F5-E791637DC6CE}.Debug|iPhoneSimulator.Deploy.0 = Debug|Any CPU
		{CCB64B4B-6E3B-4259-A7F5-E791637DC6CE}.Debug|x64.ActiveCfg = Debug|Any CPU
		{CCB64B4B-6E3B-4259-A7F5-E791637DC6CE}.Debug|x64.Build.0 = Debug|Any CPU
		{CCB64B4B-6E3B-4259-A7F5-E791637DC6CE}.Debug|x64.Deploy.0 = Debug|Any CPU
		{CCB64B4B-6E3B-4259-A7F5-E791637DC6CE}.Debug|x86.ActiveCfg = Debug|Any CPU
		{CCB64B4B-6E3B-4259-A7F5-E791637DC6CE}.Debug|x86.Build.0 = Debug|Any CPU
		{CCB64B4B-6E3B-4259-A7F5-E791637DC6CE}.Debug|x86.Deploy.0 = Debug|Any CPU
		{CCB64B4B-6E3B-4259-A7F5-E791637DC6CE}.Release|Any CPU.ActiveCfg = Release|Any CPU
		{CCB64B4B-6E3B-4259-A7F5-E791637DC6CE}.Release|Any CPU.Build.0 = Release|Any CPU
		{CCB64B4B-6E3B-4259-A7F5-E791637DC6CE}.Release|Any CPU.Deploy.0 = Release|Any CPU
		{CCB64B4B-6E3B-4259-A7F5-E791637DC6CE}.Release|ARM.ActiveCfg = Release|Any CPU
		{CCB64B4B-6E3B-4259-A7F5-E791637DC6CE}.Release|ARM.Build.0 = Release|Any CPU
		{CCB64B4B-6E3B-4259-A7F5-E791637DC6CE}.Release|ARM.Deploy.0 = Release|Any CPU
		{CCB64B4B-6E3B-4259-A7F5-E791637DC6CE}.Release|iPhone.ActiveCfg = Release|Any CPU
		{CCB64B4B-6E3B-4259-A7F5-E791637DC6CE}.Release|iPhone.Build.0 = Release|Any CPU
		{CCB64B4B-6E3B-4259-A7F5-E791637DC6CE}.Release|iPhone.Deploy.0 = Release|Any CPU
		{CCB64B4B-6E3B-4259-A7F5-E791637DC6CE}.Release|iPhoneSimulator.ActiveCfg = Release|Any CPU
		{CCB64B4B-6E3B-4259-A7F5-E791637DC6CE}.Release|iPhoneSimulator.Build.0 = Release|Any CPU
		{CCB64B4B-6E3B-4259-A7F5-E791637DC6CE}.Release|iPhoneSimulator.Deploy.0 = Release|Any CPU
		{CCB64B4B-6E3B-4259-A7F5-E791637DC6CE}.Release|x64.ActiveCfg = Release|Any CPU
		{CCB64B4B-6E3B-4259-A7F5-E791637DC6CE}.Release|x64.Build.0 = Release|Any CPU
		{CCB64B4B-6E3B-4259-A7F5-E791637DC6CE}.Release|x64.Deploy.0 = Release|Any CPU
		{CCB64B4B-6E3B-4259-A7F5-E791637DC6CE}.Release|x86.ActiveCfg = Release|Any CPU
		{CCB64B4B-6E3B-4259-A7F5-E791637DC6CE}.Release|x86.Build.0 = Release|Any CPU
		{CCB64B4B-6E3B-4259-A7F5-E791637DC6CE}.Release|x86.Deploy.0 = Release|Any CPU
		{723A7113-7621-4908-947A-0762BA7E8DF2}.Ad-Hoc|Any CPU.ActiveCfg = Ad-Hoc|iPhone
		{723A7113-7621-4908-947A-0762BA7E8DF2}.Ad-Hoc|ARM.ActiveCfg = Ad-Hoc|iPhone
		{723A7113-7621-4908-947A-0762BA7E8DF2}.Ad-Hoc|iPhone.ActiveCfg = Ad-Hoc|iPhone
		{723A7113-7621-4908-947A-0762BA7E8DF2}.Ad-Hoc|iPhone.Build.0 = Ad-Hoc|iPhone
		{723A7113-7621-4908-947A-0762BA7E8DF2}.Ad-Hoc|iPhoneSimulator.ActiveCfg = Ad-Hoc|iPhoneSimulator
		{723A7113-7621-4908-947A-0762BA7E8DF2}.Ad-Hoc|iPhoneSimulator.Build.0 = Ad-Hoc|iPhoneSimulator
		{723A7113-7621-4908-947A-0762BA7E8DF2}.Ad-Hoc|x64.ActiveCfg = Ad-Hoc|iPhone
		{723A7113-7621-4908-947A-0762BA7E8DF2}.Ad-Hoc|x86.ActiveCfg = Ad-Hoc|iPhone
		{723A7113-7621-4908-947A-0762BA7E8DF2}.AppStore|Any CPU.ActiveCfg = AppStore|iPhone
		{723A7113-7621-4908-947A-0762BA7E8DF2}.AppStore|ARM.ActiveCfg = AppStore|iPhone
		{723A7113-7621-4908-947A-0762BA7E8DF2}.AppStore|iPhone.ActiveCfg = AppStore|iPhone
		{723A7113-7621-4908-947A-0762BA7E8DF2}.AppStore|iPhone.Build.0 = AppStore|iPhone
		{723A7113-7621-4908-947A-0762BA7E8DF2}.AppStore|iPhoneSimulator.ActiveCfg = AppStore|iPhoneSimulator
		{723A7113-7621-4908-947A-0762BA7E8DF2}.AppStore|iPhoneSimulator.Build.0 = AppStore|iPhoneSimulator
		{723A7113-7621-4908-947A-0762BA7E8DF2}.AppStore|x64.ActiveCfg = AppStore|iPhone
		{723A7113-7621-4908-947A-0762BA7E8DF2}.AppStore|x86.ActiveCfg = AppStore|iPhone
		{723A7113-7621-4908-947A-0762BA7E8DF2}.Debug|Any CPU.ActiveCfg = Debug|iPhone
		{723A7113-7621-4908-947A-0762BA7E8DF2}.Debug|ARM.ActiveCfg = Debug|iPhone
		{723A7113-7621-4908-947A-0762BA7E8DF2}.Debug|iPhone.ActiveCfg = Debug|iPhone
		{723A7113-7621-4908-947A-0762BA7E8DF2}.Debug|iPhone.Build.0 = Debug|iPhone
		{723A7113-7621-4908-947A-0762BA7E8DF2}.Debug|iPhoneSimulator.ActiveCfg = Debug|iPhoneSimulator
		{723A7113-7621-4908-947A-0762BA7E8DF2}.Debug|iPhoneSimulator.Build.0 = Debug|iPhoneSimulator
		{723A7113-7621-4908-947A-0762BA7E8DF2}.Debug|x64.ActiveCfg = Debug|iPhone
		{723A7113-7621-4908-947A-0762BA7E8DF2}.Debug|x86.ActiveCfg = Debug|iPhone
		{723A7113-7621-4908-947A-0762BA7E8DF2}.Release|Any CPU.ActiveCfg = Release|iPhone
		{723A7113-7621-4908-947A-0762BA7E8DF2}.Release|ARM.ActiveCfg = Release|iPhone
		{723A7113-7621-4908-947A-0762BA7E8DF2}.Release|iPhone.ActiveCfg = Release|iPhone
		{723A7113-7621-4908-947A-0762BA7E8DF2}.Release|iPhone.Build.0 = Release|iPhone
		{723A7113-7621-4908-947A-0762BA7E8DF2}.Release|iPhoneSimulator.ActiveCfg = Release|iPhoneSimulator
		{723A7113-7621-4908-947A-0762BA7E8DF2}.Release|iPhoneSimulator.Build.0 = Release|iPhoneSimulator
		{723A7113-7621-4908-947A-0762BA7E8DF2}.Release|x64.ActiveCfg = Release|iPhone
		{723A7113-7621-4908-947A-0762BA7E8DF2}.Release|x86.ActiveCfg = Release|iPhone
		{434579BB-579B-47BD-B0E7-D8E6BBCD4212}.Ad-Hoc|Any CPU.ActiveCfg = Release|x86
		{434579BB-579B-47BD-B0E7-D8E6BBCD4212}.Ad-Hoc|Any CPU.Build.0 = Release|x86
		{434579BB-579B-47BD-B0E7-D8E6BBCD4212}.Ad-Hoc|Any CPU.Deploy.0 = Release|x86
		{434579BB-579B-47BD-B0E7-D8E6BBCD4212}.Ad-Hoc|ARM.ActiveCfg = Release|ARM
		{434579BB-579B-47BD-B0E7-D8E6BBCD4212}.Ad-Hoc|ARM.Build.0 = Release|ARM
		{434579BB-579B-47BD-B0E7-D8E6BBCD4212}.Ad-Hoc|ARM.Deploy.0 = Release|ARM
		{434579BB-579B-47BD-B0E7-D8E6BBCD4212}.Ad-Hoc|iPhone.ActiveCfg = Release|x86
		{434579BB-579B-47BD-B0E7-D8E6BBCD4212}.Ad-Hoc|iPhone.Build.0 = Release|x86
		{434579BB-579B-47BD-B0E7-D8E6BBCD4212}.Ad-Hoc|iPhone.Deploy.0 = Release|x86
		{434579BB-579B-47BD-B0E7-D8E6BBCD4212}.Ad-Hoc|iPhoneSimulator.ActiveCfg = Release|x86
		{434579BB-579B-47BD-B0E7-D8E6BBCD4212}.Ad-Hoc|iPhoneSimulator.Build.0 = Release|x86
		{434579BB-579B-47BD-B0E7-D8E6BBCD4212}.Ad-Hoc|iPhoneSimulator.Deploy.0 = Release|x86
		{434579BB-579B-47BD-B0E7-D8E6BBCD4212}.Ad-Hoc|x64.ActiveCfg = Release|x64
		{434579BB-579B-47BD-B0E7-D8E6BBCD4212}.Ad-Hoc|x64.Build.0 = Release|x64
		{434579BB-579B-47BD-B0E7-D8E6BBCD4212}.Ad-Hoc|x64.Deploy.0 = Release|x64
		{434579BB-579B-47BD-B0E7-D8E6BBCD4212}.Ad-Hoc|x86.ActiveCfg = Release|x86
		{434579BB-579B-47BD-B0E7-D8E6BBCD4212}.Ad-Hoc|x86.Build.0 = Release|x86
		{434579BB-579B-47BD-B0E7-D8E6BBCD4212}.Ad-Hoc|x86.Deploy.0 = Release|x86
		{434579BB-579B-47BD-B0E7-D8E6BBCD4212}.AppStore|Any CPU.ActiveCfg = Release|x86
		{434579BB-579B-47BD-B0E7-D8E6BBCD4212}.AppStore|Any CPU.Build.0 = Release|x86
		{434579BB-579B-47BD-B0E7-D8E6BBCD4212}.AppStore|Any CPU.Deploy.0 = Release|x86
		{434579BB-579B-47BD-B0E7-D8E6BBCD4212}.AppStore|ARM.ActiveCfg = Release|ARM
		{434579BB-579B-47BD-B0E7-D8E6BBCD4212}.AppStore|ARM.Build.0 = Release|ARM
		{434579BB-579B-47BD-B0E7-D8E6BBCD4212}.AppStore|ARM.Deploy.0 = Release|ARM
		{434579BB-579B-47BD-B0E7-D8E6BBCD4212}.AppStore|iPhone.ActiveCfg = Release|x86
		{434579BB-579B-47BD-B0E7-D8E6BBCD4212}.AppStore|iPhone.Build.0 = Release|x86
		{434579BB-579B-47BD-B0E7-D8E6BBCD4212}.AppStore|iPhone.Deploy.0 = Release|x86
		{434579BB-579B-47BD-B0E7-D8E6BBCD4212}.AppStore|iPhoneSimulator.ActiveCfg = Release|x86
		{434579BB-579B-47BD-B0E7-D8E6BBCD4212}.AppStore|iPhoneSimulator.Build.0 = Release|x86
		{434579BB-579B-47BD-B0E7-D8E6BBCD4212}.AppStore|iPhoneSimulator.Deploy.0 = Release|x86
		{434579BB-579B-47BD-B0E7-D8E6BBCD4212}.AppStore|x64.ActiveCfg = Release|x64
		{434579BB-579B-47BD-B0E7-D8E6BBCD4212}.AppStore|x64.Build.0 = Release|x64
		{434579BB-579B-47BD-B0E7-D8E6BBCD4212}.AppStore|x64.Deploy.0 = Release|x64
		{434579BB-579B-47BD-B0E7-D8E6BBCD4212}.AppStore|x86.ActiveCfg = Release|x86
		{434579BB-579B-47BD-B0E7-D8E6BBCD4212}.AppStore|x86.Build.0 = Release|x86
		{434579BB-579B-47BD-B0E7-D8E6BBCD4212}.AppStore|x86.Deploy.0 = Release|x86
		{434579BB-579B-47BD-B0E7-D8E6BBCD4212}.Debug|Any CPU.ActiveCfg = Debug|x86
		{434579BB-579B-47BD-B0E7-D8E6BBCD4212}.Debug|ARM.ActiveCfg = Debug|ARM
		{434579BB-579B-47BD-B0E7-D8E6BBCD4212}.Debug|ARM.Build.0 = Debug|ARM
		{434579BB-579B-47BD-B0E7-D8E6BBCD4212}.Debug|ARM.Deploy.0 = Debug|ARM
		{434579BB-579B-47BD-B0E7-D8E6BBCD4212}.Debug|iPhone.ActiveCfg = Debug|x86
		{434579BB-579B-47BD-B0E7-D8E6BBCD4212}.Debug|iPhoneSimulator.ActiveCfg = Debug|x86
		{434579BB-579B-47BD-B0E7-D8E6BBCD4212}.Debug|x64.ActiveCfg = Debug|x64
		{434579BB-579B-47BD-B0E7-D8E6BBCD4212}.Debug|x64.Build.0 = Debug|x64
		{434579BB-579B-47BD-B0E7-D8E6BBCD4212}.Debug|x64.Deploy.0 = Debug|x64
		{434579BB-579B-47BD-B0E7-D8E6BBCD4212}.Debug|x86.ActiveCfg = Debug|x86
		{434579BB-579B-47BD-B0E7-D8E6BBCD4212}.Debug|x86.Build.0 = Debug|x86
		{434579BB-579B-47BD-B0E7-D8E6BBCD4212}.Debug|x86.Deploy.0 = Debug|x86
		{434579BB-579B-47BD-B0E7-D8E6BBCD4212}.Release|Any CPU.ActiveCfg = Release|x86
		{434579BB-579B-47BD-B0E7-D8E6BBCD4212}.Release|ARM.ActiveCfg = Release|ARM
		{434579BB-579B-47BD-B0E7-D8E6BBCD4212}.Release|ARM.Build.0 = Release|ARM
		{434579BB-579B-47BD-B0E7-D8E6BBCD4212}.Release|ARM.Deploy.0 = Release|ARM
		{434579BB-579B-47BD-B0E7-D8E6BBCD4212}.Release|iPhone.ActiveCfg = Release|x86
		{434579BB-579B-47BD-B0E7-D8E6BBCD4212}.Release|iPhoneSimulator.ActiveCfg = Release|x86
		{434579BB-579B-47BD-B0E7-D8E6BBCD4212}.Release|x64.ActiveCfg = Release|x64
		{434579BB-579B-47BD-B0E7-D8E6BBCD4212}.Release|x64.Build.0 = Release|x64
		{434579BB-579B-47BD-B0E7-D8E6BBCD4212}.Release|x64.Deploy.0 = Release|x64
		{434579BB-579B-47BD-B0E7-D8E6BBCD4212}.Release|x86.ActiveCfg = Release|x86
		{434579BB-579B-47BD-B0E7-D8E6BBCD4212}.Release|x86.Build.0 = Release|x86
		{434579BB-579B-47BD-B0E7-D8E6BBCD4212}.Release|x86.Deploy.0 = Release|x86
		{44F01656-27BB-4833-AF9B-2360522E865A}.Ad-Hoc|Any CPU.ActiveCfg = Release|Any CPU
		{44F01656-27BB-4833-AF9B-2360522E865A}.Ad-Hoc|Any CPU.Build.0 = Release|Any CPU
		{44F01656-27BB-4833-AF9B-2360522E865A}.Ad-Hoc|Any CPU.Deploy.0 = Release|Any CPU
		{44F01656-27BB-4833-AF9B-2360522E865A}.Ad-Hoc|ARM.ActiveCfg = Release|ARM
		{44F01656-27BB-4833-AF9B-2360522E865A}.Ad-Hoc|ARM.Build.0 = Release|ARM
		{44F01656-27BB-4833-AF9B-2360522E865A}.Ad-Hoc|ARM.Deploy.0 = Release|ARM
		{44F01656-27BB-4833-AF9B-2360522E865A}.Ad-Hoc|iPhone.ActiveCfg = Release|Any CPU
		{44F01656-27BB-4833-AF9B-2360522E865A}.Ad-Hoc|iPhone.Build.0 = Release|Any CPU
		{44F01656-27BB-4833-AF9B-2360522E865A}.Ad-Hoc|iPhone.Deploy.0 = Release|Any CPU
		{44F01656-27BB-4833-AF9B-2360522E865A}.Ad-Hoc|iPhoneSimulator.ActiveCfg = Release|Any CPU
		{44F01656-27BB-4833-AF9B-2360522E865A}.Ad-Hoc|iPhoneSimulator.Build.0 = Release|Any CPU
		{44F01656-27BB-4833-AF9B-2360522E865A}.Ad-Hoc|iPhoneSimulator.Deploy.0 = Release|Any CPU
		{44F01656-27BB-4833-AF9B-2360522E865A}.Ad-Hoc|x64.ActiveCfg = Release|x64
		{44F01656-27BB-4833-AF9B-2360522E865A}.Ad-Hoc|x64.Build.0 = Release|x64
		{44F01656-27BB-4833-AF9B-2360522E865A}.Ad-Hoc|x64.Deploy.0 = Release|x64
		{44F01656-27BB-4833-AF9B-2360522E865A}.Ad-Hoc|x86.ActiveCfg = Release|x86
		{44F01656-27BB-4833-AF9B-2360522E865A}.Ad-Hoc|x86.Build.0 = Release|x86
		{44F01656-27BB-4833-AF9B-2360522E865A}.Ad-Hoc|x86.Deploy.0 = Release|x86
		{44F01656-27BB-4833-AF9B-2360522E865A}.AppStore|Any CPU.ActiveCfg = Release|Any CPU
		{44F01656-27BB-4833-AF9B-2360522E865A}.AppStore|Any CPU.Build.0 = Release|Any CPU
		{44F01656-27BB-4833-AF9B-2360522E865A}.AppStore|Any CPU.Deploy.0 = Release|Any CPU
		{44F01656-27BB-4833-AF9B-2360522E865A}.AppStore|ARM.ActiveCfg = Release|ARM
		{44F01656-27BB-4833-AF9B-2360522E865A}.AppStore|ARM.Build.0 = Release|ARM
		{44F01656-27BB-4833-AF9B-2360522E865A}.AppStore|ARM.Deploy.0 = Release|ARM
		{44F01656-27BB-4833-AF9B-2360522E865A}.AppStore|iPhone.ActiveCfg = Release|Any CPU
		{44F01656-27BB-4833-AF9B-2360522E865A}.AppStore|iPhone.Build.0 = Release|Any CPU
		{44F01656-27BB-4833-AF9B-2360522E865A}.AppStore|iPhone.Deploy.0 = Release|Any CPU
		{44F01656-27BB-4833-AF9B-2360522E865A}.AppStore|iPhoneSimulator.ActiveCfg = Release|Any CPU
		{44F01656-27BB-4833-AF9B-2360522E865A}.AppStore|iPhoneSimulator.Build.0 = Release|Any CPU
		{44F01656-27BB-4833-AF9B-2360522E865A}.AppStore|iPhoneSimulator.Deploy.0 = Release|Any CPU
		{44F01656-27BB-4833-AF9B-2360522E865A}.AppStore|x64.ActiveCfg = Release|x64
		{44F01656-27BB-4833-AF9B-2360522E865A}.AppStore|x64.Build.0 = Release|x64
		{44F01656-27BB-4833-AF9B-2360522E865A}.AppStore|x64.Deploy.0 = Release|x64
		{44F01656-27BB-4833-AF9B-2360522E865A}.AppStore|x86.ActiveCfg = Release|x86
		{44F01656-27BB-4833-AF9B-2360522E865A}.AppStore|x86.Build.0 = Release|x86
		{44F01656-27BB-4833-AF9B-2360522E865A}.AppStore|x86.Deploy.0 = Release|x86
		{44F01656-27BB-4833-AF9B-2360522E865A}.Debug|Any CPU.ActiveCfg = Debug|Any CPU
		{44F01656-27BB-4833-AF9B-2360522E865A}.Debug|Any CPU.Build.0 = Debug|Any CPU
		{44F01656-27BB-4833-AF9B-2360522E865A}.Debug|Any CPU.Deploy.0 = Debug|Any CPU
		{44F01656-27BB-4833-AF9B-2360522E865A}.Debug|ARM.ActiveCfg = Debug|ARM
		{44F01656-27BB-4833-AF9B-2360522E865A}.Debug|ARM.Build.0 = Debug|ARM
		{44F01656-27BB-4833-AF9B-2360522E865A}.Debug|ARM.Deploy.0 = Debug|ARM
		{44F01656-27BB-4833-AF9B-2360522E865A}.Debug|iPhone.ActiveCfg = Debug|Any CPU
		{44F01656-27BB-4833-AF9B-2360522E865A}.Debug|iPhone.Build.0 = Debug|Any CPU
		{44F01656-27BB-4833-AF9B-2360522E865A}.Debug|iPhone.Deploy.0 = Debug|Any CPU
		{44F01656-27BB-4833-AF9B-2360522E865A}.Debug|iPhoneSimulator.ActiveCfg = Debug|Any CPU
		{44F01656-27BB-4833-AF9B-2360522E865A}.Debug|iPhoneSimulator.Build.0 = Debug|Any CPU
		{44F01656-27BB-4833-AF9B-2360522E865A}.Debug|iPhoneSimulator.Deploy.0 = Debug|Any CPU
		{44F01656-27BB-4833-AF9B-2360522E865A}.Debug|x64.ActiveCfg = Debug|x64
		{44F01656-27BB-4833-AF9B-2360522E865A}.Debug|x64.Build.0 = Debug|x64
		{44F01656-27BB-4833-AF9B-2360522E865A}.Debug|x64.Deploy.0 = Debug|x64
		{44F01656-27BB-4833-AF9B-2360522E865A}.Debug|x86.ActiveCfg = Debug|x86
		{44F01656-27BB-4833-AF9B-2360522E865A}.Debug|x86.Build.0 = Debug|x86
		{44F01656-27BB-4833-AF9B-2360522E865A}.Debug|x86.Deploy.0 = Debug|x86
		{44F01656-27BB-4833-AF9B-2360522E865A}.Release|Any CPU.ActiveCfg = Release|Any CPU
		{44F01656-27BB-4833-AF9B-2360522E865A}.Release|Any CPU.Build.0 = Release|Any CPU
		{44F01656-27BB-4833-AF9B-2360522E865A}.Release|Any CPU.Deploy.0 = Release|Any CPU
		{44F01656-27BB-4833-AF9B-2360522E865A}.Release|ARM.ActiveCfg = Release|ARM
		{44F01656-27BB-4833-AF9B-2360522E865A}.Release|ARM.Build.0 = Release|ARM
		{44F01656-27BB-4833-AF9B-2360522E865A}.Release|ARM.Deploy.0 = Release|ARM
		{44F01656-27BB-4833-AF9B-2360522E865A}.Release|iPhone.ActiveCfg = Release|Any CPU
		{44F01656-27BB-4833-AF9B-2360522E865A}.Release|iPhone.Build.0 = Release|Any CPU
		{44F01656-27BB-4833-AF9B-2360522E865A}.Release|iPhone.Deploy.0 = Release|Any CPU
		{44F01656-27BB-4833-AF9B-2360522E865A}.Release|iPhoneSimulator.ActiveCfg = Release|Any CPU
		{44F01656-27BB-4833-AF9B-2360522E865A}.Release|iPhoneSimulator.Build.0 = Release|Any CPU
		{44F01656-27BB-4833-AF9B-2360522E865A}.Release|iPhoneSimulator.Deploy.0 = Release|Any CPU
		{44F01656-27BB-4833-AF9B-2360522E865A}.Release|x64.ActiveCfg = Release|x64
		{44F01656-27BB-4833-AF9B-2360522E865A}.Release|x64.Build.0 = Release|x64
		{44F01656-27BB-4833-AF9B-2360522E865A}.Release|x64.Deploy.0 = Release|x64
		{44F01656-27BB-4833-AF9B-2360522E865A}.Release|x86.ActiveCfg = Release|x86
		{44F01656-27BB-4833-AF9B-2360522E865A}.Release|x86.Build.0 = Release|x86
		{44F01656-27BB-4833-AF9B-2360522E865A}.Release|x86.Deploy.0 = Release|x86
		{77BE0FE9-4B4E-4E17-8A37-4BC153086179}.Ad-Hoc|Any CPU.ActiveCfg = Release|Any CPU
		{77BE0FE9-4B4E-4E17-8A37-4BC153086179}.Ad-Hoc|Any CPU.Build.0 = Release|Any CPU
		{77BE0FE9-4B4E-4E17-8A37-4BC153086179}.Ad-Hoc|Any CPU.Deploy.0 = Release|Any CPU
		{77BE0FE9-4B4E-4E17-8A37-4BC153086179}.Ad-Hoc|ARM.ActiveCfg = Release|ARM
		{77BE0FE9-4B4E-4E17-8A37-4BC153086179}.Ad-Hoc|ARM.Build.0 = Release|ARM
		{77BE0FE9-4B4E-4E17-8A37-4BC153086179}.Ad-Hoc|ARM.Deploy.0 = Release|ARM
		{77BE0FE9-4B4E-4E17-8A37-4BC153086179}.Ad-Hoc|iPhone.ActiveCfg = Release|Any CPU
		{77BE0FE9-4B4E-4E17-8A37-4BC153086179}.Ad-Hoc|iPhone.Build.0 = Release|Any CPU
		{77BE0FE9-4B4E-4E17-8A37-4BC153086179}.Ad-Hoc|iPhone.Deploy.0 = Release|Any CPU
		{77BE0FE9-4B4E-4E17-8A37-4BC153086179}.Ad-Hoc|iPhoneSimulator.ActiveCfg = Release|Any CPU
		{77BE0FE9-4B4E-4E17-8A37-4BC153086179}.Ad-Hoc|iPhoneSimulator.Build.0 = Release|Any CPU
		{77BE0FE9-4B4E-4E17-8A37-4BC153086179}.Ad-Hoc|iPhoneSimulator.Deploy.0 = Release|Any CPU
		{77BE0FE9-4B4E-4E17-8A37-4BC153086179}.Ad-Hoc|x64.ActiveCfg = Release|Any CPU
		{77BE0FE9-4B4E-4E17-8A37-4BC153086179}.Ad-Hoc|x64.Build.0 = Release|Any CPU
		{77BE0FE9-4B4E-4E17-8A37-4BC153086179}.Ad-Hoc|x64.Deploy.0 = Release|Any CPU
		{77BE0FE9-4B4E-4E17-8A37-4BC153086179}.Ad-Hoc|x86.ActiveCfg = Release|x86
		{77BE0FE9-4B4E-4E17-8A37-4BC153086179}.Ad-Hoc|x86.Build.0 = Release|x86
		{77BE0FE9-4B4E-4E17-8A37-4BC153086179}.Ad-Hoc|x86.Deploy.0 = Release|x86
		{77BE0FE9-4B4E-4E17-8A37-4BC153086179}.AppStore|Any CPU.ActiveCfg = Release|Any CPU
		{77BE0FE9-4B4E-4E17-8A37-4BC153086179}.AppStore|Any CPU.Build.0 = Release|Any CPU
		{77BE0FE9-4B4E-4E17-8A37-4BC153086179}.AppStore|Any CPU.Deploy.0 = Release|Any CPU
		{77BE0FE9-4B4E-4E17-8A37-4BC153086179}.AppStore|ARM.ActiveCfg = Release|ARM
		{77BE0FE9-4B4E-4E17-8A37-4BC153086179}.AppStore|ARM.Build.0 = Release|ARM
		{77BE0FE9-4B4E-4E17-8A37-4BC153086179}.AppStore|ARM.Deploy.0 = Release|ARM
		{77BE0FE9-4B4E-4E17-8A37-4BC153086179}.AppStore|iPhone.ActiveCfg = Release|Any CPU
		{77BE0FE9-4B4E-4E17-8A37-4BC153086179}.AppStore|iPhone.Build.0 = Release|Any CPU
		{77BE0FE9-4B4E-4E17-8A37-4BC153086179}.AppStore|iPhone.Deploy.0 = Release|Any CPU
		{77BE0FE9-4B4E-4E17-8A37-4BC153086179}.AppStore|iPhoneSimulator.ActiveCfg = Release|Any CPU
		{77BE0FE9-4B4E-4E17-8A37-4BC153086179}.AppStore|iPhoneSimulator.Build.0 = Release|Any CPU
		{77BE0FE9-4B4E-4E17-8A37-4BC153086179}.AppStore|iPhoneSimulator.Deploy.0 = Release|Any CPU
		{77BE0FE9-4B4E-4E17-8A37-4BC153086179}.AppStore|x64.ActiveCfg = Release|Any CPU
		{77BE0FE9-4B4E-4E17-8A37-4BC153086179}.AppStore|x64.Build.0 = Release|Any CPU
		{77BE0FE9-4B4E-4E17-8A37-4BC153086179}.AppStore|x64.Deploy.0 = Release|Any CPU
		{77BE0FE9-4B4E-4E17-8A37-4BC153086179}.AppStore|x86.ActiveCfg = Release|x86
		{77BE0FE9-4B4E-4E17-8A37-4BC153086179}.AppStore|x86.Build.0 = Release|x86
		{77BE0FE9-4B4E-4E17-8A37-4BC153086179}.AppStore|x86.Deploy.0 = Release|x86
		{77BE0FE9-4B4E-4E17-8A37-4BC153086179}.Debug|Any CPU.ActiveCfg = Debug|Any CPU
		{77BE0FE9-4B4E-4E17-8A37-4BC153086179}.Debug|Any CPU.Build.0 = Debug|Any CPU
		{77BE0FE9-4B4E-4E17-8A37-4BC153086179}.Debug|Any CPU.Deploy.0 = Debug|Any CPU
		{77BE0FE9-4B4E-4E17-8A37-4BC153086179}.Debug|ARM.ActiveCfg = Debug|ARM
		{77BE0FE9-4B4E-4E17-8A37-4BC153086179}.Debug|ARM.Build.0 = Debug|ARM
		{77BE0FE9-4B4E-4E17-8A37-4BC153086179}.Debug|ARM.Deploy.0 = Debug|ARM
		{77BE0FE9-4B4E-4E17-8A37-4BC153086179}.Debug|iPhone.ActiveCfg = Debug|Any CPU
		{77BE0FE9-4B4E-4E17-8A37-4BC153086179}.Debug|iPhone.Build.0 = Debug|Any CPU
		{77BE0FE9-4B4E-4E17-8A37-4BC153086179}.Debug|iPhone.Deploy.0 = Debug|Any CPU
		{77BE0FE9-4B4E-4E17-8A37-4BC153086179}.Debug|iPhoneSimulator.ActiveCfg = Debug|Any CPU
		{77BE0FE9-4B4E-4E17-8A37-4BC153086179}.Debug|iPhoneSimulator.Build.0 = Debug|Any CPU
		{77BE0FE9-4B4E-4E17-8A37-4BC153086179}.Debug|iPhoneSimulator.Deploy.0 = Debug|Any CPU
		{77BE0FE9-4B4E-4E17-8A37-4BC153086179}.Debug|x64.ActiveCfg = Debug|Any CPU
		{77BE0FE9-4B4E-4E17-8A37-4BC153086179}.Debug|x64.Build.0 = Debug|Any CPU
		{77BE0FE9-4B4E-4E17-8A37-4BC153086179}.Debug|x64.Deploy.0 = Debug|Any CPU
		{77BE0FE9-4B4E-4E17-8A37-4BC153086179}.Debug|x86.ActiveCfg = Debug|x86
		{77BE0FE9-4B4E-4E17-8A37-4BC153086179}.Debug|x86.Build.0 = Debug|x86
		{77BE0FE9-4B4E-4E17-8A37-4BC153086179}.Debug|x86.Deploy.0 = Debug|x86
		{77BE0FE9-4B4E-4E17-8A37-4BC153086179}.Release|Any CPU.ActiveCfg = Release|Any CPU
		{77BE0FE9-4B4E-4E17-8A37-4BC153086179}.Release|Any CPU.Build.0 = Release|Any CPU
		{77BE0FE9-4B4E-4E17-8A37-4BC153086179}.Release|Any CPU.Deploy.0 = Release|Any CPU
		{77BE0FE9-4B4E-4E17-8A37-4BC153086179}.Release|ARM.ActiveCfg = Release|ARM
		{77BE0FE9-4B4E-4E17-8A37-4BC153086179}.Release|ARM.Build.0 = Release|ARM
		{77BE0FE9-4B4E-4E17-8A37-4BC153086179}.Release|ARM.Deploy.0 = Release|ARM
		{77BE0FE9-4B4E-4E17-8A37-4BC153086179}.Release|iPhone.ActiveCfg = Release|Any CPU
		{77BE0FE9-4B4E-4E17-8A37-4BC153086179}.Release|iPhone.Build.0 = Release|Any CPU
		{77BE0FE9-4B4E-4E17-8A37-4BC153086179}.Release|iPhone.Deploy.0 = Release|Any CPU
		{77BE0FE9-4B4E-4E17-8A37-4BC153086179}.Release|iPhoneSimulator.ActiveCfg = Release|Any CPU
		{77BE0FE9-4B4E-4E17-8A37-4BC153086179}.Release|iPhoneSimulator.Build.0 = Release|Any CPU
		{77BE0FE9-4B4E-4E17-8A37-4BC153086179}.Release|iPhoneSimulator.Deploy.0 = Release|Any CPU
		{77BE0FE9-4B4E-4E17-8A37-4BC153086179}.Release|x64.ActiveCfg = Release|Any CPU
		{77BE0FE9-4B4E-4E17-8A37-4BC153086179}.Release|x64.Build.0 = Release|Any CPU
		{77BE0FE9-4B4E-4E17-8A37-4BC153086179}.Release|x64.Deploy.0 = Release|Any CPU
		{77BE0FE9-4B4E-4E17-8A37-4BC153086179}.Release|x86.ActiveCfg = Release|x86
		{77BE0FE9-4B4E-4E17-8A37-4BC153086179}.Release|x86.Build.0 = Release|x86
		{77BE0FE9-4B4E-4E17-8A37-4BC153086179}.Release|x86.Deploy.0 = Release|x86
	EndGlobalSection
	GlobalSection(SolutionProperties) = preSolution
		HideSolutionNode = FALSE
	EndGlobalSection
EndGlobal
